{
  "name": "ej7",
  "version": "1.0.0",
  "lockfileVersion": 3,
  "requires": true,
  "packages": {
    "": {
      "name": "ej7",
      "version": "1.0.0",
      "license": "ISC",
      "dependencies": {
        "ej7": "file:"
      }
    },
    "node_modules/ej7": {
      "resolved": "",
      "link": true
    }
  }
}
